{
  "name": "faucet",
  "version": "1.0.0",
  "lockfileVersion": 1,
  "requires": true,
  "dependencies": {
    "@iota/bundle": {
      "version": "1.0.0-beta.15",
      "resolved": "https://registry.npmjs.org/@iota/bundle/-/bundle-1.0.0-beta.15.tgz",
      "integrity": "sha512-Dzlh2aEduOBRx3HJI58gQg1hMdOiXfOhyjm8Nkl+PSZVR5frpZ9ltb8FnQevdeDbX1edM/huGRgFQ0wy6OketA==",
      "requires": {
        "@iota/converter": "^1.0.0-beta.15",
        "@iota/kerl": "^1.0.0-beta.15",
        "@iota/signing": "^1.0.0-beta.15",
        "@iota/transaction": "^1.0.0-beta.15",
        "@types/warning": "^3.0.0",
        "warning": "^4.0.3"
      }
    },
    "@iota/bundle-validator": {
      "version": "1.0.0-beta.15",
      "resolved": "https://registry.npmjs.org/@iota/bundle-validator/-/bundle-validator-1.0.0-beta.15.tgz",
      "integrity": "sha512-GRq6o9Zj3iTkFZHUvIGnUCNsFtNInixrVSjTdPDU0PVhK0Pw+2x6YRx2hvEJo5dLVm9Dw8GVSlMct7QwT+R/Og==",
      "requires": {
        "@iota/converter": "^1.0.0-beta.15",
        "@iota/kerl": "^1.0.0-beta.15",
        "@iota/signing": "^1.0.0-beta.15",
        "@iota/transaction": "^1.0.0-beta.15",
        "@iota/transaction-converter": "^1.0.0-beta.15"
      }
    },
    "@iota/checksum": {
      "version": "1.0.0-beta.15",
      "resolved": "https://registry.npmjs.org/@iota/checksum/-/checksum-1.0.0-beta.15.tgz",
      "integrity": "sha512-SVuWSVpPZ3XxaCcpgIRvSY6mrUwPhOS6eJAAMXXHepiruEaFHym2MipG8zxkFvGQjbHQ9/9WS1tpE+yFDquEHw==",
      "requires": {
        "@iota/converter": "^1.0.0-beta.15",
        "@iota/kerl": "^1.0.0-beta.15"
      }
    },
    "@iota/converter": {
      "version": "1.0.0-beta.15",
      "resolved": "https://registry.npmjs.org/@iota/converter/-/converter-1.0.0-beta.15.tgz",
      "integrity": "sha512-CJb2dWibzgQZXBmmMWQOOLynTnNxUh4pbFrgJjaNQDmBHLTF5JOQvzaI005hrk8B7DDj2MmnSbmLYSvP/txt5Q=="
    },
    "@iota/core": {
      "version": "1.0.0-beta.15",
      "resolved": "https://registry.npmjs.org/@iota/core/-/core-1.0.0-beta.15.tgz",
      "integrity": "sha512-NY42eCu6QFkRyNo56sYJczoXjy4H9a5g5geKSufVLOMA2tJQZ3soTuyFeEIvo0Qrgp/itVYZjlQYC+MgVDgHkg==",
      "requires": {
        "@iota/bundle": "^1.0.0-beta.15",
        "@iota/bundle-validator": "^1.0.0-beta.15",
        "@iota/checksum": "^1.0.0-beta.15",
        "@iota/converter": "^1.0.0-beta.15",
        "@iota/curl": "^1.0.0-beta.15",
        "@iota/http-client": "^1.0.0-beta.15",
        "@iota/kerl": "^1.0.0-beta.15",
        "@iota/pad": "^1.0.0-beta.15",
        "@iota/signing": "^1.0.0-beta.15",
        "@iota/transaction": "^1.0.0-beta.15",
        "@iota/transaction-converter": "^1.0.0-beta.15",
        "bluebird": "^3.5.5"
      }
    },
    "@iota/curl": {
      "version": "1.0.0-beta.15",
      "resolved": "https://registry.npmjs.org/@iota/curl/-/curl-1.0.0-beta.15.tgz",
      "integrity": "sha512-zriwkNySrWJvGy1yZKUKv6IFS+F8udH/2WSFenYysWZwCR4bvWidtGcAXqXM2vzQ3vsHYj+BR8QnORZ9l1lW3A=="
    },
    "@iota/http-client": {
      "version": "1.0.0-beta.15",
      "resolved": "https://registry.npmjs.org/@iota/http-client/-/http-client-1.0.0-beta.15.tgz",
      "integrity": "sha512-MZJ7HYE5/KStdlauEo4KF2ddFCRRwdAFh0hdKLiVz4URQ7AEv4ZbkHFgDBG6D32vUhFfku3C1pH63c30iW1WyQ==",
      "requires": {
        "cross-fetch": "^3.0.0"
      }
    },
    "@iota/kerl": {
      "version": "1.0.0-beta.15",
      "resolved": "https://registry.npmjs.org/@iota/kerl/-/kerl-1.0.0-beta.15.tgz",
      "integrity": "sha512-EiK+fDHwzyD7Qz0iwT9+HeVkuUFTyOJI7PWO4WcOa3dollbJYJP+u3ZYUa+RTekskcbZ2rZDC/H20lXwz6eE4A==",
      "requires": {
        "@types/crypto-js": "^3.1.38",
        "crypto-js": "^3.1.9-1"
      }
    },
    "@iota/pad": {
      "version": "1.0.0-beta.15",
      "resolved": "https://registry.npmjs.org/@iota/pad/-/pad-1.0.0-beta.15.tgz",
      "integrity": "sha512-1/ZcqCP1Wtvj3Kr0Yxiae1W72UVS84TLOI26i9eUIxcyUoDzI8F4hu2oYvABzweqUkwvEQguiy2aK1Kt9eUF2A=="
    },
    "@iota/signing": {
      "version": "1.0.0-beta.15",
      "resolved": "https://registry.npmjs.org/@iota/signing/-/signing-1.0.0-beta.15.tgz",
      "integrity": "sha512-5eNU3mIlNQm7PcfUnTnEmVr1GYXpnhqIGjIrBNfSOWHWT99W5Oqdyak9FnUz4Ft/VzmqTuUOBvebE+v9HjH10A==",
      "requires": {
        "@iota/converter": "^1.0.0-beta.15",
        "@iota/kerl": "^1.0.0-beta.15",
        "@iota/pad": "^1.0.0-beta.15"
      }
    },
    "@iota/transaction": {
      "version": "1.0.0-beta.15",
      "resolved": "https://registry.npmjs.org/@iota/transaction/-/transaction-1.0.0-beta.15.tgz",
      "integrity": "sha512-CeMtJpYcDOxkfFBjAxB2aQqxbcT9HStaspg96LONYO2Qpm53fcFykK15QT2WCupvZ46Ag8lGIFs2sYC2JHgdhQ==",
      "requires": {
        "@iota/converter": "^1.0.0-beta.15",
        "@iota/curl": "^1.0.0-beta.15",
        "@iota/kerl": "^1.0.0-beta.15",
        "@iota/signing": "^1.0.0-beta.15",
        "@types/warning": "^3.0.0",
        "warning": "^4.0.3"
      }
    },
    "@iota/transaction-converter": {
      "version": "1.0.0-beta.15",
      "resolved": "https://registry.npmjs.org/@iota/transaction-converter/-/transaction-converter-1.0.0-beta.15.tgz",
      "integrity": "sha512-+ZyitULMZwc8FYebzoMIJ4GjB7lXIoToC/f2rGl6jnjidMgB8puxhqmJri1uuldty9Gmgrr3GQFJsanWa7g/KQ==",
      "requires": {
        "@iota/converter": "^1.0.0-beta.15",
        "@iota/pad": "^1.0.0-beta.15",
        "@iota/transaction": "^1.0.0-beta.15"
      }
    },
    "@types/crypto-js": {
      "version": "3.1.43",
      "resolved": "https://registry.npmjs.org/@types/crypto-js/-/crypto-js-3.1.43.tgz",
      "integrity": "sha512-EHe/YKctU3IYNBsDmSOPX/7jLHPRlx8WaiDKSY9JCTnJ8XJeM4c0ZJvx+9Gxmr2s2ihI92R+3U/gNL1sq5oRuQ=="
    },
    "@types/warning": {
      "version": "3.0.0",
      "resolved": "https://registry.npmjs.org/@types/warning/-/warning-3.0.0.tgz",
      "integrity": "sha1-DSUBJorY+ZYrdA04fEZU9fjiPlI="
    },
    "bluebird": {
      "version": "3.5.5",
      "resolved": "https://registry.npmjs.org/bluebird/-/bluebird-3.5.5.tgz",
      "integrity": "sha512-5am6HnnfN+urzt4yfg7IgTbotDjIT/u8AJpEt0sIU9FtXfVeezXAPKswrG+xKUCOYAINpSdgZVDU6QFh+cuH3w=="
    },
    "cross-fetch": {
      "version": "3.0.4",
      "resolved": "https://registry.npmjs.org/cross-fetch/-/cross-fetch-3.0.4.tgz",
      "integrity": "sha512-MSHgpjQqgbT/94D4CyADeNoYh52zMkCX4pcJvPP5WqPsLFMKjr2TCMg381ox5qI0ii2dPwaLx/00477knXqXVw==",
      "requires": {
        "node-fetch": "2.6.0",
        "whatwg-fetch": "3.0.0"
      }
    },
    "crypto-js": {
      "version": "3.1.9-1",
      "resolved": "https://registry.npmjs.org/crypto-js/-/crypto-js-3.1.9-1.tgz",
      "integrity": "sha1-/aGedh/Ad+Af+/3G6f38WeiAbNg="
    },
    "js-tokens": {
      "version": "4.0.0",
      "resolved": "https://registry.npmjs.org/js-tokens/-/js-tokens-4.0.0.tgz",
      "integrity": "sha512-RdJUflcE3cUzKiMqQgsCu06FPu9UdIJO0beYbPhHN4k6apgJtifcoCtT9bcxOpYBtpD2kCM6Sbzg4CausW/PKQ=="
    },
    "loose-envify": {
      "version": "1.4.0",
      "resolved": "https://registry.npmjs.org/loose-envify/-/loose-envify-1.4.0.tgz",
      "integrity": "sha512-lyuxPGr/Wfhrlem2CL/UcnUc1zcqKAImBDzukY7Y5F/yQiNdko6+fRLevlw1HgMySw7f611UIY408EtxRSoK3Q==",
      "requires": {
        "js-tokens": "^3.0.0 || ^4.0.0"
      }
    },
    "node-fetch": {
      "version": "2.6.0",
      "resolved": "https://registry.npmjs.org/node-fetch/-/node-fetch-2.6.0.tgz",
      "integrity": "sha512-8dG4H5ujfvFiqDmVu9fQ5bOHUC15JMjMY/Zumv26oOvvVJjM67KF8koCWIabKQ1GJIa9r2mMZscBq/TbdOcmNA=="
    },
    "warning": {
      "version": "4.0.3",
      "resolved": "https://registry.npmjs.org/warning/-/warning-4.0.3.tgz",
      "integrity": "sha512-rpJyN222KWIvHJ/F53XSZv0Zl/accqHR8et1kpaMTD/fLCRxtV8iX8czMzY7sVZupTI3zcUTg8eycS2kNF9l6w==",
      "requires": {
        "loose-envify": "^1.0.0"
      }
    },
    "whatwg-fetch": {
      "version": "3.0.0",
      "resolved": "https://registry.npmjs.org/whatwg-fetch/-/whatwg-fetch-3.0.0.tgz",
      "integrity": "sha512-9GSJUgz1D4MfyKU7KRqwOjXCXTqWdFNvEr7eUBYchQiVc744mqK/MzXPNR2WsPkmkOa4ywfg8C2n8h+13Bey1Q=="
    }
  }
}
